// !$*UTF8*$!
{
	archiveVersion = 1;
	classes = {
	};
	objectVersion = 56;
	objects = {

/* Begin PBXBuildFile section */
		75DC183A2BD116DD0026F9FF /* AppDelegate.swift in Sources */ = {isa = PBXBuildFile; fileRef = 75DC18392BD116DD0026F9FF /* AppDelegate.swift */; };
		75DC183C2BD116DD0026F9FF /* SceneDelegate.swift in Sources */ = {isa = PBXBuildFile; fileRef = 75DC183B2BD116DD0026F9FF /* SceneDelegate.swift */; };
		75DC183E2BD116DD0026F9FF /* ViewController.swift in Sources */ = {isa = PBXBuildFile; fileRef = 75DC183D2BD116DD0026F9FF /* ViewController.swift */; };
		75DC18412BD116DD0026F9FF /* Base in Resources */ = {isa = PBXBuildFile; fileRef = 75DC18402BD116DD0026F9FF /* Base */; };
		75DC18432BD116DF0026F9FF /* Assets.xcassets in Resources */ = {isa = PBXBuildFile; fileRef = 75DC18422BD116DF0026F9FF /* Assets.xcassets */; };
		75DC18462BD116DF0026F9FF /* Base in Resources */ = {isa = PBXBuildFile; fileRef = 75DC18452BD116DF0026F9FF /* Base */; };
		75DC18512BD116DF0026F9FF /* Xylophone_AppTests.swift in Sources */ = {isa = PBXBuildFile; fileRef = 75DC18502BD116DF0026F9FF /* Xylophone_AppTests.swift */; };
		75DC185B2BD116DF0026F9FF /* Xylophone_AppUITests.swift in Sources */ = {isa = PBXBuildFile; fileRef = 75DC185A2BD116DF0026F9FF /* Xylophone_AppUITests.swift */; };
		75DC185D2BD116DF0026F9FF /* Xylophone_AppUITestsLaunchTests.swift in Sources */ = {isa = PBXBuildFile; fileRef = 75DC185C2BD116DF0026F9FF /* Xylophone_AppUITestsLaunchTests.swift */; };
		75DC18712BD118E50026F9FF /* A.wav in Resources */ = {isa = PBXBuildFile; fileRef = 75DC18692BD118E50026F9FF /* A.wav */; };
		75DC18722BD118E50026F9FF /* B.wav in Resources */ = {isa = PBXBuildFile; fileRef = 75DC186A2BD118E50026F9FF /* B.wav */; };
		75DC18732BD118E50026F9FF /* C.wav in Resources */ = {isa = PBXBuildFile; fileRef = 75DC186B2BD118E50026F9FF /* C.wav */; };
		75DC18742BD118E50026F9FF /* D.wav in Resources */ = {isa = PBXBuildFile; fileRef = 75DC186C2BD118E50026F9FF /* D.wav */; };
		75DC18752BD118E50026F9FF /* E.wav in Resources */ = {isa = PBXBuildFile; fileRef = 75DC186D2BD118E50026F9FF /* E.wav */; };
		75DC18762BD118E50026F9FF /* F.wav in Resources */ = {isa = PBXBuildFile; fileRef = 75DC186E2BD118E50026F9FF /* F.wav */; };
		75DC18772BD118E50026F9FF /* G.wav in Resources */ = {isa = PBXBuildFile; fileRef = 75DC186F2BD118E50026F9FF /* G.wav */; };
/* End PBXBuildFile section */

/* Begin PBXContainerItemProxy section */
		75DC184D2BD116DF0026F9FF /* PBXContainerItemProxy */ = {
			isa = PBXContainerItemProxy;
			containerPortal = 75DC182E2BD116DD0026F9FF /* Project object */;
			proxyType = 1;
			remoteGlobalIDString = 75DC18352BD116DD0026F9FF;
			remoteInfo = "Xylophone App";
		};
		75DC18572BD116DF0026F9FF /* PBXContainerItemProxy */ = {
			isa = PBXContainerItemProxy;
			containerPortal = 75DC182E2BD116DD0026F9FF /* Project object */;
			proxyType = 1;
			remoteGlobalIDString = 75DC18352BD116DD0026F9FF;
			remoteInfo = "Xylophone App";
		};
/* End PBXContainerItemProxy section */

/* Begin PBXFileReference section */
		75DC18362BD116DD0026F9FF /* Xylophone App.app */ = {isa = PBXFileReference; explicitFileType = wrapper.application; includeInIndex = 0; path = "Xylophone App.app"; sourceTree = BUILT_PRODUCTS_DIR; };
		75DC18392BD116DD0026F9FF /* AppDelegate.swift */ = {isa = PBXFileReference; lastKnownFileType = sourcecode.swift; path = AppDelegate.swift; sourceTree = "<group>"; };
		75DC183B2BD116DD0026F9FF /* SceneDelegate.swift */ = {isa = PBXFileReference; lastKnownFileType = sourcecode.swift; path = SceneDelegate.swift; sourceTree = "<group>"; };
		75DC183D2BD116DD0026F9FF /* ViewController.swift */ = {isa = PBXFileReference; lastKnownFileType = sourcecode.swift; path = ViewController.swift; sourceTree = "<group>"; };
		75DC18402BD116DD0026F9FF /* Base */ = {isa = PBXFileReference; lastKnownFileType = file.storyboard; name = Base; path = Base.lproj/Main.storyboard; sourceTree = "<group>"; };
		75DC18422BD116DF0026F9FF /* Assets.xcassets */ = {isa = PBXFileReference; lastKnownFileType = folder.assetcatalog; path = Assets.xcassets; sourceTree = "<group>"; };
		75DC18452BD116DF0026F9FF /* Base */ = {isa = PBXFileReference; lastKnownFileType = file.storyboard; name = Base; path = Base.lproj/LaunchScreen.storyboard; sourceTree = "<group>"; };
		75DC18472BD116DF0026F9FF /* Info.plist */ = {isa = PBXFileReference; lastKnownFileType = text.plist.xml; path = Info.plist; sourceTree = "<group>"; };
		75DC184C2BD116DF0026F9FF /* Xylophone AppTests.xctest */ = {isa = PBXFileReference; explicitFileType = wrapper.cfbundle; includeInIndex = 0; path = "Xylophone AppTests.xctest"; sourceTree = BUILT_PRODUCTS_DIR; };
		75DC18502BD116DF0026F9FF /* Xylophone_AppTests.swift */ = {isa = PBXFileReference; lastKnownFileType = sourcecode.swift; path = Xylophone_AppTests.swift; sourceTree = "<group>"; };
		75DC18562BD116DF0026F9FF /* Xylophone AppUITests.xctest */ = {isa = PBXFileReference; explicitFileType = wrapper.cfbundle; includeInIndex = 0; path = "Xylophone AppUITests.xctest"; sourceTree = BUILT_PRODUCTS_DIR; };
		75DC185A2BD116DF0026F9FF /* Xylophone_AppUITests.swift */ = {isa = PBXFileReference; lastKnownFileType = sourcecode.swift; path = Xylophone_AppUITests.swift; sourceTree = "<group>"; };
		75DC185C2BD116DF0026F9FF /* Xylophone_AppUITestsLaunchTests.swift */ = {isa = PBXFileReference; lastKnownFileType = sourcecode.swift; path = Xylophone_AppUITestsLaunchTests.swift; sourceTree = "<group>"; };
		75DC18692BD118E50026F9FF /* A.wav */ = {isa = PBXFileReference; lastKnownFileType = audio.wav; path = A.wav; sourceTree = "<group>"; };
		75DC186A2BD118E50026F9FF /* B.wav */ = {isa = PBXFileReference; lastKnownFileType = audio.wav; path = B.wav; sourceTree = "<group>"; };
		75DC186B2BD118E50026F9FF /* C.wav */ = {isa = PBXFileReference; lastKnownFileType = audio.wav; path = C.wav; sourceTree = "<group>"; };
		75DC186C2BD118E50026F9FF /* D.wav */ = {isa = PBXFileReference; lastKnownFileType = audio.wav; path = D.wav; sourceTree = "<group>"; };
		75DC186D2BD118E50026F9FF /* E.wav */ = {isa = PBXFileReference; lastKnownFileType = audio.wav; path = E.wav; sourceTree = "<group>"; };
		75DC186E2BD118E50026F9FF /* F.wav */ = {isa = PBXFileReference; lastKnownFileType = audio.wav; path = F.wav; sourceTree = "<group>"; };
		75DC186F2BD118E50026F9FF /* G.wav */ = {isa = PBXFileReference; lastKnownFileType = audio.wav; path = G.wav; sourceTree = "<group>"; };
/* End PBXFileReference section */

/* Begin PBXFrameworksBuildPhase section */
		75DC18332BD116DD0026F9FF /* Frameworks */ = {
			isa = PBXFrameworksBuildPhase;
			buildActionMask = 2147483647;
			files = (
			);
			runOnlyForDeploymentPostprocessing = 0;
		};
		75DC18492BD116DF0026F9FF /* Frameworks */ = {
			isa = PBXFrameworksBuildPhase;
			buildActionMask = 2147483647;
			files = (
			);
			runOnlyForDeploymentPostprocessing = 0;
		};
		75DC18532BD116DF0026F9FF /* Frameworks */ = {
			isa = PBXFrameworksBuildPhase;
			buildActionMask = 2147483647;
			files = (
			);
			runOnlyForDeploymentPostprocessing = 0;
		};
/* End PBXFrameworksBuildPhase section */

/* Begin PBXGroup section */
		75DC182D2BD116DD0026F9FF = {
			isa = PBXGroup;
			children = (
				75DC18382BD116DD0026F9FF /* Xylophone App */,
				75DC184F2BD116DF0026F9FF /* Xylophone AppTests */,
				75DC18592BD116DF0026F9FF /* Xylophone AppUITests */,
				75DC18372BD116DD0026F9FF /* Products */,
			);
			sourceTree = "<group>";
		};
		75DC18372BD116DD0026F9FF /* Products */ = {
			isa = PBXGroup;
			children = (
				75DC18362BD116DD0026F9FF /* Xylophone App.app */,
				75DC184C2BD116DF0026F9FF /* Xylophone AppTests.xctest */,
				75DC18562BD116DF0026F9FF /* Xylophone AppUITests.xctest */,
			);
			name = Products;
			sourceTree = "<group>";
		};
		75DC18382BD116DD0026F9FF /* Xylophone App */ = {
			isa = PBXGroup;
			children = (
				75DC18392BD116DD0026F9FF /* AppDelegate.swift */,
				75DC183B2BD116DD0026F9FF /* SceneDelegate.swift */,
				75DC183D2BD116DD0026F9FF /* ViewController.swift */,
				75DC183F2BD116DD0026F9FF /* Main.storyboard */,
				75DC18422BD116DF0026F9FF /* Assets.xcassets */,
				75DC18442BD116DF0026F9FF /* LaunchScreen.storyboard */,
				75DC18472BD116DF0026F9FF /* Info.plist */,
			);
			path = "Xylophone App";
			sourceTree = "<group>";
		};
		75DC184F2BD116DF0026F9FF /* Xylophone AppTests */ = {
			isa = PBXGroup;
			children = (
				75DC18502BD116DF0026F9FF /* Xylophone_AppTests.swift */,
			);
			path = "Xylophone AppTests";
			sourceTree = "<group>";
		};
		75DC18592BD116DF0026F9FF /* Xylophone AppUITests */ = {
			isa = PBXGroup;
			children = (
				75DC185A2BD116DF0026F9FF /* Xylophone_AppUITests.swift */,
				75DC185C2BD116DF0026F9FF /* Xylophone_AppUITestsLaunchTests.swift */,
				75DC18702BD118E50026F9FF /* Sounds */,
			);
			path = "Xylophone AppUITests";
			sourceTree = "<group>";
		};
		75DC18702BD118E50026F9FF /* Sounds */ = {
			isa = PBXGroup;
			children = (
				75DC18692BD118E50026F9FF /* A.wav */,
				75DC186A2BD118E50026F9FF /* B.wav */,
				75DC186B2BD118E50026F9FF /* C.wav */,
				75DC186C2BD118E50026F9FF /* D.wav */,
				75DC186D2BD118E50026F9FF /* E.wav */,
				75DC186E2BD118E50026F9FF /* F.wav */,
				75DC186F2BD118E50026F9FF /* G.wav */,
			);
			path = Sounds;
			sourceTree = "<group>";
		};
/* End PBXGroup section */

/* Begin PBXNativeTarget section */
		75DC18352BD116DD0026F9FF /* Xylophone App */ = {
			isa = PBXNativeTarget;
			buildConfigurationList = 75DC18602BD116DF0026F9FF /* Build configuration list for PBXNativeTarget "Xylophone App" */;
			buildPhases = (
				75DC18322BD116DD0026F9FF /* Sources */,
				75DC18332BD116DD0026F9FF /* Frameworks */,
				75DC18342BD116DD0026F9FF /* Resources */,
			);
			buildRules = (
			);
			dependencies = (
			);
			name = "Xylophone App";
			productName = "Xylophone App";
			productReference = 75DC18362BD116DD0026F9FF /* Xylophone App.app */;
			productType = "com.apple.product-type.application";
		};
		75DC184B2BD116DF0026F9FF /* Xylophone AppTests */ = {
			isa = PBXNativeTarget;
			buildConfigurationList = 75DC18632BD116DF0026F9FF /* Build configuration list for PBXNativeTarget "Xylophone AppTests" */;
			buildPhases = (
				75DC18482BD116DF0026F9FF /* Sources */,
				75DC18492BD116DF0026F9FF /* Frameworks */,
				75DC184A2BD116DF0026F9FF /* Resources */,
			);
			buildRules = (
			);
			dependencies = (
				75DC184E2BD116DF0026F9FF /* PBXTargetDependency */,
			);
			name = "Xylophone AppTests";
			productName = "Xylophone AppTests";
			productReference = 75DC184C2BD116DF0026F9FF /* Xylophone AppTests.xctest */;
			productType = "com.apple.product-type.bundle.unit-test";
		};
		75DC18552BD116DF0026F9FF /* Xylophone AppUITests */ = {
			isa = PBXNativeTarget;
			buildConfigurationList = 75DC18662BD116DF0026F9FF /* Build configuration list for PBXNativeTarget "Xylophone AppUITests" */;
			buildPhases = (
				75DC18522BD116DF0026F9FF /* Sources */,
				75DC18532BD116DF0026F9FF /* Frameworks */,
				75DC18542BD116DF0026F9FF /* Resources */,
			);
			buildRules = (
			);
			dependencies = (
				75DC18582BD116DF0026F9FF /* PBXTargetDependency */,
			);
			name = "Xylophone AppUITests";
			productName = "Xylophone AppUITests";
			productReference = 75DC18562BD116DF0026F9FF /* Xylophone AppUITests.xctest */;
			productType = "com.apple.product-type.bundle.ui-testing";
		};
/* End PBXNativeTarget section */

/* Begin PBXProject section */
		75DC182E2BD116DD0026F9FF /* Project object */ = {
			isa = PBXProject;
			attributes = {
				BuildIndependentTargetsInParallel = 1;
				LastSwiftUpdateCheck = 1530;
				LastUpgradeCheck = 1530;
				TargetAttributes = {
					75DC18352BD116DD0026F9FF = {
						CreatedOnToolsVersion = 15.3;
					};
					75DC184B2BD116DF0026F9FF = {
						CreatedOnToolsVersion = 15.3;
						TestTargetID = 75DC18352BD116DD0026F9FF;
					};
					75DC18552BD116DF0026F9FF = {
						CreatedOnToolsVersion = 15.3;
						TestTargetID = 75DC18352BD116DD0026F9FF;
					};
				};
			};
			buildConfigurationList = 75DC18312BD116DD0026F9FF /* Build configuration list for PBXProject "Xylophone App" */;
			compatibilityVersion = "Xcode 14.0";
			developmentRegion = en;
			hasScannedForEncodings = 0;
			knownRegions = (
				en,
				Base,
			);
			mainGroup = 75DC182D2BD116DD0026F9FF;
			productRefGroup = 75DC18372BD116DD0026F9FF /* Products */;
			projectDirPath = "";
			projectRoot = "";
			targets = (
				75DC18352BD116DD0026F9FF /* Xylophone App */,
				75DC184B2BD116DF0026F9FF /* Xylophone AppTests */,
				75DC18552BD116DF0026F9FF /* Xylophone AppUITests */,
			);
		};
/* End PBXProject section */

/* Begin PBXResourcesBuildPhase section */
		75DC18342BD116DD0026F9FF /* Resources */ = {
			isa = PBXResourcesBuildPhase;
			buildActionMask = 2147483647;
			files = (
				75DC18732BD118E50026F9FF /* C.wav in Resources */,
				75DC18432BD116DF0026F9FF /* Assets.xcassets in Resources */,
				75DC18742BD118E50026F9FF /* D.wav in Resources */,
				75DC18762BD118E50026F9FF /* F.wav in Resources */,
				75DC18722BD118E50026F9FF /* B.wav in Resources */,
				75DC18462BD116DF0026F9FF /* Base in Resources */,
				75DC18772BD118E50026F9FF /* G.wav in Resources */,
				75DC18712BD118E50026F9FF /* A.wav in Resources */,
				75DC18752BD118E50026F9FF /* E.wav in Resources */,
				75DC18412BD116DD0026F9FF /* Base in Resources */,
			);
			runOnlyForDeploymentPostprocessing = 0;
		};
		75DC184A2BD116DF0026F9FF /* Resources */ = {
			isa = PBXResourcesBuildPhase;
			buildActionMask = 2147483647;
			files = (
			);
			runOnlyForDeploymentPostprocessing = 0;
		};
		75DC18542BD116DF0026F9FF /* Resources */ = {
			isa = PBXResourcesBuildPhase;
			buildActionMask = 2147483647;
			files = (
			);
			runOnlyForDeploymentPostprocessing = 0;
		};
/* End PBXResourcesBuildPhase section */

/* Begin PBXSourcesBuildPhase section */
		75DC18322BD116DD0026F9FF /* Sources */ = {
			isa = PBXSourcesBuildPhase;
			buildActionMask = 2147483647;
			files = (
				75DC183E2BD116DD0026F9FF /* ViewController.swift in Sources */,
				75DC183A2BD116DD0026F9FF /* AppDelegate.swift in Sources */,
				75DC183C2BD116DD0026F9FF /* SceneDelegate.swift in Sources */,
			);
			runOnlyForDeploymentPostprocessing = 0;
		};
		75DC18482BD116DF0026F9FF /* Sources */ = {
			isa = PBXSourcesBuildPhase;
			buildActionMask = 2147483647;
			files = (
				75DC18512BD116DF0026F9FF /* Xylophone_AppTests.swift in Sources */,
			);
			runOnlyForDeploymentPostprocessing = 0;
		};
		75DC18522BD116DF0026F9FF /* Sources */ = {
			isa = PBXSourcesBuildPhase;
			buildActionMask = 2147483647;
			files = (
				75DC185B2BD116DF0026F9FF /* Xylophone_AppUITests.swift in Sources */,
				75DC185D2BD116DF0026F9FF /* Xylophone_AppUITestsLaunchTests.swift in Sources */,
			);
			runOnlyForDeploymentPostprocessing = 0;
		};
/* End PBXSourcesBuildPhase section */

/* Begin PBXTargetDependency section */
		75DC184E2BD116DF0026F9FF /* PBXTargetDependency */ = {
			isa = PBXTargetDependency;
			target = 75DC18352BD116DD0026F9FF /* Xylophone App */;
			targetProxy = 75DC184D2BD116DF0026F9FF /* PBXContainerItemProxy */;
		};
		75DC18582BD116DF0026F9FF /* PBXTargetDependency */ = {
			isa = PBXTargetDependency;
			target = 75DC18352BD116DD0026F9FF /* Xylophone App */;
			targetProxy = 75DC18572BD116DF0026F9FF /* PBXContainerItemProxy */;
		};
/* End PBXTargetDependency section */

/* Begin PBXVariantGroup section */
		75DC183F2BD116DD0026F9FF /* Main.storyboard */ = {
			isa = PBXVariantGroup;
			children = (
				75DC18402BD116DD0026F9FF /* Base */,
			);
			name = Main.storyboard;
			sourceTree = "<group>";
		};
		75DC18442BD116DF0026F9FF /* LaunchScreen.storyboard */ = {
			isa = PBXVariantGroup;
			children = (
				75DC18452BD116DF0026F9FF /* Base */,
			);
			name = LaunchScreen.storyboard;
			sourceTree = "<group>";
		};
/* End PBXVariantGroup section */

/* Begin XCBuildConfiguration section */
		75DC185E2BD116DF0026F9FF /* Debug */ = {
			isa = XCBuildConfiguration;
			buildSettings = {
				ALWAYS_SEARCH_USER_PATHS = NO;
				ASSETCATALOG_COMPILER_GENERATE_SWIFT_ASSET_SYMBOL_EXTENSIONS = YES;
				CLANG_ANALYZER_NONNULL = YES;
				CLANG_ANALYZER_NUMBER_OBJECT_CONVERSION = YES_AGGRESSIVE;
				CLANG_CXX_LANGUAGE_STANDARD = "gnu++20";
				CLANG_ENABLE_MODULES = YES;
				CLANG_ENABLE_OBJC_ARC = YES;
				CLANG_ENABLE_OBJC_WEAK = YES;
				CLANG_WARN_BLOCK_CAPTURE_AUTORELEASING = YES;
				CLANG_WARN_BOOL_CONVERSION = YES;
				CLANG_WARN_COMMA = YES;
				CLANG_WARN_CONSTANT_CONVERSION = YES;
				CLANG_WARN_DEPRECATED_OBJC_IMPLEMENTATIONS = YES;
				CLANG_WARN_DIRECT_OBJC_ISA_USAGE = YES_ERROR;
				CLANG_WARN_DOCUMENTATION_COMMENTS = YES;
				CLANG_WARN_EMPTY_BODY = YES;
				CLANG_WARN_ENUM_CONVERSION = YES;
				CLANG_WARN_INFINITE_RECURSION = YES;
				CLANG_WARN_INT_CONVERSION = YES;
				CLANG_WARN_NON_LITERAL_NULL_CONVERSION = YES;
				CLANG_WARN_OBJC_IMPLICIT_RETAIN_SELF = YES;
				CLANG_WARN_OBJC_LITERAL_CONVERSION = YES;
				CLANG_WARN_OBJC_ROOT_CLASS = YES_ERROR;
				CLANG_WARN_QUOTED_INCLUDE_IN_FRAMEWORK_HEADER = YES;
				CLANG_WARN_RANGE_LOOP_ANALYSIS = YES;
				CLANG_WARN_STRICT_PROTOTYPES = YES;
				CLANG_WARN_SUSPICIOUS_MOVE = YES;
				CLANG_WARN_UNGUARDED_AVAILABILITY = YES_AGGRESSIVE;
				CLANG_WARN_UNREACHABLE_CODE = YES;
				CLANG_WARN__DUPLICATE_METHOD_MATCH = YES;
				COPY_PHASE_STRIP = NO;
				DEBUG_INFORMATION_FORMAT = dwarf;
				ENABLE_STRICT_OBJC_MSGSEND = YES;
				ENABLE_TESTABILITY = YES;
				ENABLE_USER_SCRIPT_SANDBOXING = YES;
				GCC_C_LANGUAGE_STANDARD = gnu17;
				GCC_DYNAMIC_NO_PIC = NO;
				GCC_NO_COMMON_BLOCKS = YES;
				GCC_OPTIMIZATION_LEVEL = 0;
				GCC_PREPROCESSOR_DEFINITIONS = (
					"DEBUG=1",
					"$(inherited)",
				);
				GCC_WARN_64_TO_32_BIT_CONVERSION = YES;
				GCC_WARN_ABOUT_RETURN_TYPE = YES_ERROR;
				GCC_WARN_UNDECLARED_SELECTOR = YES;
				GCC_WARN_UNINITIALIZED_AUTOS = YES_AGGRESSIVE;
				GCC_WARN_UNUSED_FUNCTION = YES;
				GCC_WARN_UNUSED_VARIABLE = YES;
				IPHONEOS_DEPLOYMENT_TARGET = 17.4;
				LOCALIZATION_PREFERS_STRING_CATALOGS = YES;
				MTL_ENABLE_DEBUG_INFO = INCLUDE_SOURCE;
				MTL_FAST_MATH = YES;
				ONLY_ACTIVE_ARCH = YES;
				SDKROOT = iphoneos;
				SWIFT_ACTIVE_COMPILATION_CONDITIONS = "DEBUG $(inherited)";
				SWIFT_OPTIMIZATION_LEVEL = "-Onone";
			};
			name = Debug;
		};
		75DC185F2BD116DF0026F9FF /* Release */ = {
			isa = XCBuildConfiguration;
			buildSettings = {
				ALWAYS_SEARCH_USER_PATHS = NO;
				ASSETCATALOG_COMPILER_GENERATE_SWIFT_ASSET_SYMBOL_EXTENSIONS = YES;
				CLANG_ANALYZER_NONNULL = YES;
				CLANG_ANALYZER_NUMBER_OBJECT_CONVERSION = YES_AGGRESSIVE;
				CLANG_CXX_LANGUAGE_STANDARD = "gnu++20";
				CLANG_ENABLE_MODULES = YES;
				CLANG_ENABLE_OBJC_ARC = YES;
				CLANG_ENABLE_OBJC_WEAK = YES;
				CLANG_WARN_BLOCK_CAPTURE_AUTORELEASING = YES;
				CLANG_WARN_BOOL_CONVERSION = YES;
				CLANG_WARN_COMMA = YES;
				CLANG_WARN_CONSTANT_CONVERSION = YES;
				CLANG_WARN_DEPRECATED_OBJC_IMPLEMENTATIONS = YES;
				CLANG_WARN_DIRECT_OBJC_ISA_USAGE = YES_ERROR;
				CLANG_WARN_DOCUMENTATION_COMMENTS = YES;
				CLANG_WARN_EMPTY_BODY = YES;
				CLANG_WARN_ENUM_CONVERSION = YES;
				CLANG_WARN_INFINITE_RECURSION = YES;
				CLANG_WARN_INT_CONVERSION = YES;
				CLANG_WARN_NON_LITERAL_NULL_CONVERSION = YES;
				CLANG_WARN_OBJC_IMPLICIT_RETAIN_SELF = YES;
				CLANG_WARN_OBJC_LITERAL_CONVERSION = YES;
				CLANG_WARN_OBJC_ROOT_CLASS = YES_ERROR;
				CLANG_WARN_QUOTED_INCLUDE_IN_FRAMEWORK_HEADER = YES;
				CLANG_WARN_RANGE_LOOP_ANALYSIS = YES;
				CLANG_WARN_STRICT_PROTOTYPES = YES;
				CLANG_WARN_SUSPICIOUS_MOVE = YES;
				CLANG_WARN_UNGUARDED_AVAILABILITY = YES_AGGRESSIVE;
				CLANG_WARN_UNREACHABLE_CODE = YES;
				CLANG_WARN__DUPLICATE_METHOD_MATCH = YES;
				COPY_PHASE_STRIP = NO;
				DEBUG_INFORMATION_FORMAT = "dwarf-with-dsym";
				ENABLE_NS_ASSERTIONS = NO;
				ENABLE_STRICT_OBJC_MSGSEND = YES;
				ENABLE_USER_SCRIPT_SANDBOXING = YES;
				GCC_C_LANGUAGE_STANDARD = gnu17;
				GCC_NO_COMMON_BLOCKS = YES;
				GCC_WARN_64_TO_32_BIT_CONVERSION = YES;
				GCC_WARN_ABOUT_RETURN_TYPE = YES_ERROR;
				GCC_WARN_UNDECLARED_SELECTOR = YES;
				GCC_WARN_UNINITIALIZED_AUTOS = YES_AGGRESSIVE;
				GCC_WARN_UNUSED_FUNCTION = YES;
				GCC_WARN_UNUSED_VARIABLE = YES;
				IPHONEOS_DEPLOYMENT_TARGET = 17.4;
				LOCALIZATION_PREFERS_STRING_CATALOGS = YES;
				MTL_ENABLE_DEBUG_INFO = NO;
				MTL_FAST_MATH = YES;
				SDKROOT = iphoneos;
				SWIFT_COMPILATION_MODE = wholemodule;
				VALIDATE_PRODUCT = YES;
			};
			name = Release;
		};
		75DC18612BD116DF0026F9FF /* Debug */ = {
			isa = XCBuildConfiguration;
			buildSettings = {
				ASSETCATALOG_COMPILER_APPICON_NAME = AppIcon;
				ASSETCATALOG_COMPILER_GLOBAL_ACCENT_COLOR_NAME = AccentColor;
				CODE_SIGN_STYLE = Manual;
				CURRENT_PROJECT_VERSION = 1;
				DEVELOPMENT_TEAM = "";
				GENERATE_INFOPLIST_FILE = YES;
				INFOPLIST_FILE = "Xylophone App/Info.plist";
				INFOPLIST_KEY_UIApplicationSupportsIndirectInputEvents = YES;
				INFOPLIST_KEY_UILaunchStoryboardName = LaunchScreen;
				INFOPLIST_KEY_UIMainStoryboardFile = Main;
				INFOPLIST_KEY_UISupportedInterfaceOrientations_iPad = "UIInterfaceOrientationPortrait UIInterfaceOrientationPortraitUpsideDown UIInterfaceOrientationLandscapeLeft UIInterfaceOrientationLandscapeRight";
				INFOPLIST_KEY_UISupportedInterfaceOrientations_iPhone = "UIInterfaceOrientationPortrait UIInterfaceOrientationLandscapeLeft UIInterfaceOrientationLandscapeRight";
				LD_RUNPATH_SEARCH_PATHS = (
					"$(inherited)",
					"@executable_path/Frameworks",
				);
				MARKETING_VERSION = 1.0;
				PRODUCT_BUNDLE_IDENTIFIER = "com.canada.Xylophone-App";
				PRODUCT_NAME = "$(TARGET_NAME)";
				PROVISIONING_PROFILE_SPECIFIER = "";
				SWIFT_EMIT_LOC_STRINGS = YES;
				SWIFT_VERSION = 5.0;
				TARGETED_DEVICE_FAMILY = "1,2";
			};
			name = Debug;
		};
		75DC18622BD116DF0026F9FF /* Release */ = {
			isa = XCBuildConfiguration;
			buildSettings = {
				ASSETCATALOG_COMPILER_APPICON_NAME = AppIcon;
				ASSETCATALOG_COMPILER_GLOBAL_ACCENT_COLOR_NAME = AccentColor;
				CODE_SIGN_STYLE = Manual;
				CURRENT_PROJECT_VERSION = 1;
				DEVELOPMENT_TEAM = "";
				GENERATE_INFOPLIST_FILE = YES;
				INFOPLIST_FILE = "Xylophone App/Info.plist";
				INFOPLIST_KEY_UIApplicationSupportsIndirectInputEvents = YES;
				INFOPLIST_KEY_UILaunchStoryboardName = LaunchScreen;
				INFOPLIST_KEY_UIMainStoryboardFile = Main;
				INFOPLIST_KEY_UISupportedInterfaceOrientations_iPad = "UIInterfaceOrientationPortrait UIInterfaceOrientationPortraitUpsideDown UIInterfaceOrientationLandscapeLeft UIInterfaceOrientationLandscapeRight";
				INFOPLIST_KEY_UISupportedInterfaceOrientations_iPhone = "UIInterfaceOrientationPortrait UIInterfaceOrientationLandscapeLeft UIInterfaceOrientationLandscapeRight";
				LD_RUNPATH_SEARCH_PATHS = (
					"$(inherited)",
					"@executable_path/Frameworks",
				);
				MARKETING_VERSION = 1.0;
				PRODUCT_BUNDLE_IDENTIFIER = "com.canada.Xylophone-App";
				PRODUCT_NAME = "$(TARGET_NAME)";
				PROVISIONING_PROFILE_SPECIFIER = "";
				SWIFT_EMIT_LOC_STRINGS = YES;
				SWIFT_VERSION = 5.0;
				TARGETED_DEVICE_FAMILY = "1,2";
			};
			name = Release;
		};
		75DC18642BD116DF0026F9FF /* Debug */ = {
			isa = XCBuildConfiguration;
			buildSettings = {
				ALWAYS_EMBED_SWIFT_STANDARD_LIBRARIES = YES;
				BUNDLE_LOADER = "$(TEST_HOST)";
				CODE_SIGN_STYLE = Automatic;
				CURRENT_PROJECT_VERSION = 1;
				GENERATE_INFOPLIST_FILE = YES;
				IPHONEOS_DEPLOYMENT_TARGET = 17.4;
				MARKETING_VERSION = 1.0;
				PRODUCT_BUNDLE_IDENTIFIER = "com.canada.Xylophone-AppTests";
				PRODUCT_NAME = "$(TARGET_NAME)";
				SWIFT_EMIT_LOC_STRINGS = NO;
				SWIFT_VERSION = 5.0;
				TARGETED_DEVICE_FAMILY = "1,2";
				TEST_HOST = "$(BUILT_PRODUCTS_DIR)/Xylophone App.app/$(BUNDLE_EXECUTABLE_FOLDER_PATH)/Xylophone App";
			};
			name = Debug;
		};
		75DC18652BD116DF0026F9FF /* Release */ = {
			isa = XCBuildConfiguration;
			buildSettings = {
				ALWAYS_EMBED_SWIFT_STANDARD_LIBRARIES = YES;
				BUNDLE_LOADER = "$(TEST_HOST)";
				CODE_SIGN_STYLE = Automatic;
				CURRENT_PROJECT_VERSION = 1;
				GENERATE_INFOPLIST_FILE = YES;
				IPHONEOS_DEPLOYMENT_TARGET = 17.4;
				MARKETING_VERSION = 1.0;
				PRODUCT_BUNDLE_IDENTIFIER = "com.canada.Xylophone-AppTests";
				PRODUCT_NAME = "$(TARGET_NAME)";
				SWIFT_EMIT_LOC_STRINGS = NO;
				SWIFT_VERSION = 5.0;
				TARGETED_DEVICE_FAMILY = "1,2";
				TEST_HOST = "$(BUILT_PRODUCTS_DIR)/Xylophone App.app/$(BUNDLE_EXECUTABLE_FOLDER_PATH)/Xylophone App";
			};
			name = Release;
		};
		75DC18672BD116DF0026F9FF /* Debug */ = {
			isa = XCBuildConfiguration;
			buildSettings = {
				ALWAYS_EMBED_SWIFT_STANDARD_LIBRARIES = YES;
				CODE_SIGN_STYLE = Automatic;
				CURRENT_PROJECT_VERSION = 1;
				GENERATE_INFOPLIST_FILE = YES;
				MARKETING_VERSION = 1.0;
				PRODUCT_BUNDLE_IDENTIFIER = "com.canada.Xylophone-AppUITests";
				PRODUCT_NAME = "$(TARGET_NAME)";
				SWIFT_EMIT_LOC_STRINGS = NO;
				SWIFT_VERSION = 5.0;
				TARGETED_DEVICE_FAMILY = "1,2";
				TEST_TARGET_NAME = "Xylophone App";
			};
			name = Debug;
		};
		75DC18682BD116DF0026F9FF /* Release */ = {
			isa = XCBuildConfiguration;
			buildSettings = {
				ALWAYS_EMBED_SWIFT_STANDARD_LIBRARIES = YES;
				CODE_SIGN_STYLE = Automatic;
				CURRENT_PROJECT_VERSION = 1;
				GENERATE_INFOPLIST_FILE = YES;
				MARKETING_VERSION = 1.0;
				PRODUCT_BUNDLE_IDENTIFIER = "com.canada.Xylophone-AppUITests";
				PRODUCT_NAME = "$(TARGET_NAME)";
				SWIFT_EMIT_LOC_STRINGS = NO;
				SWIFT_VERSION = 5.0;
				TARGETED_DEVICE_FAMILY = "1,2";
				TEST_TARGET_NAME = "Xylophone App";
			};
			name = Release;
		};
/* End XCBuildConfiguration section */

/* Begin XCConfigurationList section */
		75DC18312BD116DD0026F9FF /* Build configuration list for PBXProject "Xylophone App" */ = {
			isa = XCConfigurationList;
			buildConfigurations = (
				75DC185E2BD116DF0026F9FF /* Debug */,
				75DC185F2BD116DF0026F9FF /* Release */,
			);
			defaultConfigurationIsVisible = 0;
			defaultConfigurationName = Release;
		};
		75DC18602BD116DF0026F9FF /* Build configuration list for PBXNativeTarget "Xylophone App" */ = {
			isa = XCConfigurationList;
			buildConfigurations = (
				75DC18612BD116DF0026F9FF /* Debug */,
				75DC18622BD116DF0026F9FF /* Release */,
			);
			defaultConfigurationIsVisible = 0;
			defaultConfigurationName = Release;
		};
		75DC18632BD116DF0026F9FF /* Build configuration list for PBXNativeTarget "Xylophone AppTests" */ = {
			isa = XCConfigurationList;
			buildConfigurations = (
				75DC18642BD116DF0026F9FF /* Debug */,
				75DC18652BD116DF0026F9FF /* Release */,
			);
			defaultConfigurationIsVisible = 0;
			defaultConfigurationName = Release;
		};
		75DC18662BD116DF0026F9FF /* Build configuration list for PBXNativeTarget "Xylophone AppUITests" */ = {
			isa = XCConfigurationList;
			buildConfigurations = (
				75DC18672BD116DF0026F9FF /* Debug */,
				75DC18682BD116DF0026F9FF /* Release */,
			);
			defaultConfigurationIsVisible = 0;
			defaultConfigurationName = Release;
		};
/* End XCConfigurationList section */
	};
	rootObject = 75DC182E2BD116DD0026F9FF /* Project object */;
}
